
Microsoft Visual Studio Solution File, Format Version 12.00
Project("{FAE04EC0-301F-11D3-BF4B-00C04F79EFBC}") = "MediatRandCQRS-Example", "MediatRandCQRS-Example\MediatRandCQRS-Example.csproj", "{F591AEB4-C1D2-470B-AD18-5D85F1BF3CA6}"
EndProject
Global
	GlobalSection(SolutionConfigurationPlatforms) = preSolution
		Debug|Any CPU = Debug|Any CPU
		Release|Any CPU = Release|Any CPU
	EndGlobalSection
	GlobalSection(ProjectConfigurationPlatforms) = postSolution
		{F591AEB4-C1D2-470B-AD18-5D85F1BF3CA6}.Debug|Any CPU.ActiveCfg = Debug|Any CPU
		{F591AEB4-C1D2-470B-AD18-5D85F1BF3CA6}.Debug|Any CPU.Build.0 = Debug|Any CPU
		{F591AEB4-C1D2-470B-AD18-5D85F1BF3CA6}.Release|Any CPU.ActiveCfg = Release|Any CPU
		{F591AEB4-C1D2-470B-AD18-5D85F1BF3CA6}.Release|Any CPU.Build.0 = Release|Any CPU
	EndGlobalSection
EndGlobal
